
Microsoft Visual Studio Solution File, Format Version 12.00
# Visual Studio Version 17
VisualStudioVersion = 17.4.33213.308
MinimumVisualStudioVersion = 10.0.40219.1
Project("{FAE04EC0-301F-11D3-BF4B-00C04F79EFBC}") = "WiFiManager", "WiFiManager.csproj", "{5333C09F-15F0-4565-8B6A-4B39B72E3BD0}"
EndProject
Global
	GlobalSection(SolutionConfigurationPlatforms) = preSolution
		Debug|Any CPU = Debug|Any CPU
		Release|Any CPU = Release|Any CPU
	EndGlobalSection
	GlobalSection(ProjectConfigurationPlatforms) = postSolution
		{5333C09F-15F0-4565-8B6A-4B39B72E3BD0}.Debug|Any CPU.ActiveCfg = Debug|Any CPU
		{5333C09F-15F0-4565-8B6A-4B39B72E3BD0}.Debug|Any CPU.Build.0 = Debug|Any CPU
		{5333C09F-15F0-4565-8B6A-4B39B72E3BD0}.Release|Any CPU.ActiveCfg = Release|Any CPU
		{5333C09F-15F0-4565-8B6A-4B39B72E3BD0}.Release|Any CPU.Build.0 = Release|Any CPU
	EndGlobalSection
	GlobalSection(SolutionProperties) = preSolution
		HideSolutionNode = FALSE
	EndGlobalSection
	GlobalSection(ExtensibilityGlobals) = postSolution
		SolutionGuid = {EAD4A0C9-7A45-44B1-AB6B-67A9BC2C41F4}
	EndGlobalSection
EndGlobal
